
Microsoft Visual Studio Solution File, Format Version 12.00
# Visual Studio Version 17
VisualStudioVersion = 17.3.32825.248
MinimumVisualStudioVersion = 10.0.40219.1
Project("{9A19103F-16F7-4668-BE54-9A1E7A4F7556}") = "CardStorageService", "CardStorageService\CardStorageService.csproj", "{457410A7-5C64-4AFF-A55E-F70B5CE97E1D}"
EndProject
Project("{FAE04EC0-301F-11D3-BF4B-00C04F79EFBC}") = "CardStorageService.Data", "CardStorageService.Data\CardStorageService.Data.csproj", "{A9D840FB-2FE3-48D0-887C-24F2DB3EB41D}"
EndProject
Global
	GlobalSection(SolutionConfigurationPlatforms) = preSolution
		Debug|Any CPU = Debug|Any CPU
		Release|Any CPU = Release|Any CPU
	EndGlobalSection
	GlobalSection(ProjectConfigurationPlatforms) = postSolution
		{457410A7-5C64-4AFF-A55E-F70B5CE97E1D}.Debug|Any CPU.ActiveCfg = Debug|Any CPU
		{457410A7-5C64-4AFF-A55E-F70B5CE97E1D}.Debug|Any CPU.Build.0 = Debug|Any CPU
		{457410A7-5C64-4AFF-A55E-F70B5CE97E1D}.Release|Any CPU.ActiveCfg = Release|Any CPU
		{457410A7-5C64-4AFF-A55E-F70B5CE97E1D}.Release|Any CPU.Build.0 = Release|Any CPU
		{A9D840FB-2FE3-48D0-887C-24F2DB3EB41D}.Debug|Any CPU.ActiveCfg = Debug|Any CPU
		{A9D840FB-2FE3-48D0-887C-24F2DB3EB41D}.Debug|Any CPU.Build.0 = Debug|Any CPU
		{A9D840FB-2FE3-48D0-887C-24F2DB3EB41D}.Release|Any CPU.ActiveCfg = Release|Any CPU
		{A9D840FB-2FE3-48D0-887C-24F2DB3EB41D}.Release|Any CPU.Build.0 = Release|Any CPU
	EndGlobalSection
	GlobalSection(SolutionProperties) = preSolution
		HideSolutionNode = FALSE
	EndGlobalSection
	GlobalSection(ExtensibilityGlobals) = postSolution
		SolutionGuid = {9A25AFC5-9C8C-45A4-9253-8A406D81C840}
	EndGlobalSection
EndGlobal
